
Microsoft Visual Studio Solution File, Format Version 12.00
# Visual Studio Version 17
VisualStudioVersion = 17.5.33530.505
MinimumVisualStudioVersion = 10.0.40219.1
Project("{FAE04EC0-301F-11D3-BF4B-00C04F79EFBC}") = "FinalQ5", "FinalQ5.csproj", "{56676ED3-9946-4418-898D-A78BF0C7DC53}"
EndProject
Global
	GlobalSection(SolutionConfigurationPlatforms) = preSolution
		Debug|Any CPU = Debug|Any CPU
		Release|Any CPU = Release|Any CPU
	EndGlobalSection
	GlobalSection(ProjectConfigurationPlatforms) = postSolution
		{56676ED3-9946-4418-898D-A78BF0C7DC53}.Debug|Any CPU.ActiveCfg = Debug|Any CPU
		{56676ED3-9946-4418-898D-A78BF0C7DC53}.Debug|Any CPU.Build.0 = Debug|Any CPU
		{56676ED3-9946-4418-898D-A78BF0C7DC53}.Release|Any CPU.ActiveCfg = Release|Any CPU
		{56676ED3-9946-4418-898D-A78BF0C7DC53}.Release|Any CPU.Build.0 = Release|Any CPU
	EndGlobalSection
	GlobalSection(SolutionProperties) = preSolution
		HideSolutionNode = FALSE
	EndGlobalSection
	GlobalSection(ExtensibilityGlobals) = postSolution
		SolutionGuid = {AEA249D0-87A0-4E13-BF42-92033CBBC894}
	EndGlobalSection
EndGlobal
